# This file is automatically @generated by Poetry 2.1.3 and should not be changed by hand.

[[package]]
name = "pyrefly"
version = "0.24.2"
description = "A fast Python type checker written in Rust"
optional = false
python-versions = ">=3.8"
groups = ["dev"]
files = [
    {file = "pyrefly-0.24.2-py3-none-macosx_10_12_x86_64.whl", hash = "sha256:7e6bd1b88ec53b3f1ce2ece844016d7e7f0848a77022857a7fa6674a49abcc13"},
    {file = "pyrefly-0.24.2-py3-none-macosx_11_0_arm64.whl", hash = "sha256:83aa9013f2299dfc8ce11adec30a63be71528484c45e603375efe7496cb0538e"},
    {file = "pyrefly-0.24.2-py3-none-manylinux_2_17_aarch64.manylinux2014_aarch64.whl", hash = "sha256:3bf1689032b78f8f653244cd323ee1e06a0efb6192c4d7a415d1e85aedd37905"},
    {file = "pyrefly-0.24.2-py3-none-manylinux_2_17_i686.manylinux2014_i686.whl", hash = "sha256:8404b804a5a1bc4a54cc8e58bceacdf49d7221531843c068547241d8f476af24"},
    {file = "pyrefly-0.24.2-py3-none-manylinux_2_17_x86_64.manylinux2014_x86_64.whl", hash = "sha256:14d09f166a46e43655ea812611887ca16a0c54386296f4c9333f3f5fc7236709"},
    {file = "pyrefly-0.24.2-py3-none-win32.whl", hash = "sha256:6c602df48dcfa3240f9076c7d1e9cf9dc2d94c90ee5b4c6745f3734125a2cf3a"},
    {file = "pyrefly-0.24.2-py3-none-win_amd64.whl", hash = "sha256:9ed4690716eb47077082d4e99624e0a1165b9ac93300c8d823f42cae12ec1ef4"},
    {file = "pyrefly-0.24.2-py3-none-win_arm64.whl", hash = "sha256:96ba49c02f374d716b8674409aa653093dad5263cf4e429a1d5ec603064db715"},
    {file = "pyrefly-0.24.2.tar.gz", hash = "sha256:671b9933c2a3f646983de68bc0422736f7ce364c4f645f742559423b0b9b5150"},
]

[[package]]
name = "ruff"
version = "0.12.4"
description = "An extremely fast Python linter and code formatter, written in Rust."
optional = false
python-versions = ">=3.7"
groups = ["dev"]
files = [
    {file = "ruff-0.12.4-py3-none-linux_armv6l.whl", hash = "sha256:cb0d261dac457ab939aeb247e804125a5d521b21adf27e721895b0d3f83a0d0a"},
    {file = "ruff-0.12.4-py3-none-macosx_10_12_x86_64.whl", hash = "sha256:55c0f4ca9769408d9b9bac530c30d3e66490bd2beb2d3dae3e4128a1f05c7442"},
    {file = "ruff-0.12.4-py3-none-macosx_11_0_arm64.whl", hash = "sha256:a8224cc3722c9ad9044da7f89c4c1ec452aef2cfe3904365025dd2f51daeae0e"},
    {file = "ruff-0.12.4-py3-none-manylinux_2_17_aarch64.manylinux2014_aarch64.whl", hash = "sha256:e9949d01d64fa3672449a51ddb5d7548b33e130240ad418884ee6efa7a229586"},
    {file = "ruff-0.12.4-py3-none-manylinux_2_17_armv7l.manylinux2014_armv7l.whl", hash = "sha256:be0593c69df9ad1465e8a2d10e3defd111fdb62dcd5be23ae2c06da77e8fcffb"},
    {file = "ruff-0.12.4-py3-none-manylinux_2_17_i686.manylinux2014_i686.whl", hash = "sha256:a7dea966bcb55d4ecc4cc3270bccb6f87a337326c9dcd3c07d5b97000dbff41c"},
    {file = "ruff-0.12.4-py3-none-manylinux_2_17_ppc64.manylinux2014_ppc64.whl", hash = "sha256:afcfa3ab5ab5dd0e1c39bf286d829e042a15e966b3726eea79528e2e24d8371a"},
    {file = "ruff-0.12.4-py3-none-manylinux_2_17_ppc64le.manylinux2014_ppc64le.whl", hash = "sha256:c057ce464b1413c926cdb203a0f858cd52f3e73dcb3270a3318d1630f6395bb3"},
    {file = "ruff-0.12.4-py3-none-manylinux_2_17_s390x.manylinux2014_s390x.whl", hash = "sha256:e64b90d1122dc2713330350626b10d60818930819623abbb56535c6466cce045"},
    {file = "ruff-0.12.4-py3-none-manylinux_2_17_x86_64.manylinux2014_x86_64.whl", hash = "sha256:2abc48f3d9667fdc74022380b5c745873499ff827393a636f7a59da1515e7c57"},
    {file = "ruff-0.12.4-py3-none-musllinux_1_2_aarch64.whl", hash = "sha256:2b2449dc0c138d877d629bea151bee8c0ae3b8e9c43f5fcaafcd0c0d0726b184"},
    {file = "ruff-0.12.4-py3-none-musllinux_1_2_armv7l.whl", hash = "sha256:56e45bb11f625db55f9b70477062e6a1a04d53628eda7784dce6e0f55fd549eb"},
    {file = "ruff-0.12.4-py3-none-musllinux_1_2_i686.whl", hash = "sha256:478fccdb82ca148a98a9ff43658944f7ab5ec41c3c49d77cd99d44da019371a1"},
    {file = "ruff-0.12.4-py3-none-musllinux_1_2_x86_64.whl", hash = "sha256:0fc426bec2e4e5f4c4f182b9d2ce6a75c85ba9bcdbe5c6f2a74fcb8df437df4b"},
    {file = "ruff-0.12.4-py3-none-win32.whl", hash = "sha256:4de27977827893cdfb1211d42d84bc180fceb7b72471104671c59be37041cf93"},
    {file = "ruff-0.12.4-py3-none-win_amd64.whl", hash = "sha256:fe0b9e9eb23736b453143d72d2ceca5db323963330d5b7859d60d101147d461a"},
    {file = "ruff-0.12.4-py3-none-win_arm64.whl", hash = "sha256:0618ec4442a83ab545e5b71202a5c0ed7791e8471435b94e655b570a5031a98e"},
    {file = "ruff-0.12.4.tar.gz", hash = "sha256:13efa16df6c6eeb7d0f091abae50f58e9522f3843edb40d56ad52a5a4a4b6873"},
]

[[package]]
name = "ty"
version = "0.0.1a15"
description = "An extremely fast Python type checker, written in Rust."
optional = false
python-versions = ">=3.8"
groups = ["dev"]
files = [
    {file = "ty-0.0.1a15-py3-none-linux_armv6l.whl", hash = "sha256:6110b5afee7ae1b0c8d00770eef4937ed0b700b823da04db04486bc661dc0f80"},
    {file = "ty-0.0.1a15-py3-none-macosx_10_12_x86_64.whl", hash = "sha256:855401e2fc1d4376f007ef7684dd9173e6a408adc2bc4610013f40c2a1d68d0f"},
    {file = "ty-0.0.1a15-py3-none-macosx_11_0_arm64.whl", hash = "sha256:a20b21ea9683d92d541de4a534b68b4b595c2d04bf77be0ebfe05c9768ef47e7"},
    {file = "ty-0.0.1a15-py3-none-manylinux_2_17_aarch64.manylinux2014_aarch64.whl", hash = "sha256:7648b0931177233e31d952723f068f2925696e464c436ed8bd820b775053474b"},
    {file = "ty-0.0.1a15-py3-none-manylinux_2_17_armv7l.manylinux2014_armv7l.whl", hash = "sha256:c9c6b70ae331585984b79a4574f28619d5ff755515b93b5454d04f5c521ca864"},
    {file = "ty-0.0.1a15-py3-none-manylinux_2_17_i686.manylinux2014_i686.whl", hash = "sha256:38cae5d28b2882e66f4786825e87d500cfbb806c30bbcac745f20e459cf92482"},
    {file = "ty-0.0.1a15-py3-none-manylinux_2_17_ppc64.manylinux2014_ppc64.whl", hash = "sha256:1a8de6d3185afbf7cc199932d7fc508887e7ddad95a15c930efc4b5445eae6de"},
    {file = "ty-0.0.1a15-py3-none-manylinux_2_17_ppc64le.manylinux2014_ppc64le.whl", hash = "sha256:d5a38db0c2ceb2f0c20241ef6a1a5b0996dad45532bb50661faf46f28b64b9f0"},
    {file = "ty-0.0.1a15-py3-none-manylinux_2_17_s390x.manylinux2014_s390x.whl", hash = "sha256:0045fe7905813296fa821dad4aaabbe0f011ce34915fdfabf651db5b5f7b9d72"},
    {file = "ty-0.0.1a15-py3-none-manylinux_2_17_x86_64.manylinux2014_x86_64.whl", hash = "sha256:32deff2b8b05e8a8b8bf0f48ca1eef72ec299b9cc546ef9aba7185a033de28b1"},
    {file = "ty-0.0.1a15-py3-none-musllinux_1_2_aarch64.whl", hash = "sha256:60c330a9f37b260ebdf7d3e7e05ec483fab15116f11317ffd76b0e09598038b0"},
    {file = "ty-0.0.1a15-py3-none-musllinux_1_2_armv7l.whl", hash = "sha256:745355c15574d50229c3644e47bad1192e261faaf3a11870641b4902a8d9d8fe"},
    {file = "ty-0.0.1a15-py3-none-musllinux_1_2_i686.whl", hash = "sha256:07d53cb7c9c322be41dc79c373024422f6c6cd9e96f658e4b1b3289fe6130274"},
    {file = "ty-0.0.1a15-py3-none-musllinux_1_2_x86_64.whl", hash = "sha256:26b28ed6e6ea80766fdd2608ea6e4daeb211e8de2b4b88376f574667bb90f489"},
    {file = "ty-0.0.1a15-py3-none-win32.whl", hash = "sha256:42f8d40aa30ef0c2187b70528151e740b74db47eb84a568fbc636c7294a1046e"},
    {file = "ty-0.0.1a15-py3-none-win_amd64.whl", hash = "sha256:2563111b072ea132443629a5fe0ec0cefed94c610cc694fc1bd2f48e179ca966"},
    {file = "ty-0.0.1a15-py3-none-win_arm64.whl", hash = "sha256:9ea13096dda97437284b61915da92384d283cd096dbe730a3f63ee644721d2d5"},
    {file = "ty-0.0.1a15.tar.gz", hash = "sha256:b601eb50e981bd3fb857eb17b473cad3728dab67f53370b6790dfc342797eb20"},
]

[metadata]
lock-version = "2.1"
python-versions = ">=3.8"
content-hash = "196fb9b27583cd068c217ebf6785e5087c9d437ee10f620125958213b011c922"
