# This file is automatically @generated by Poetry 2.1.3 and should not be changed by hand.

[[package]]
name = "pyrefly"
version = "0.24.2"
description = "A fast Python type checker written in Rust"
optional = false
python-versions = ">=3.8"
groups = ["dev"]
files = [
    {file = "pyrefly-0.24.2-py3-none-macosx_10_12_x86_64.whl", hash = "sha256:7e6bd1b88ec53b3f1ce2ece844016d7e7f0848a77022857a7fa6674a49abcc13"},
    {file = "pyrefly-0.24.2-py3-none-macosx_11_0_arm64.whl", hash = "sha256:83aa9013f2299dfc8ce11adec30a63be71528484c45e603375efe7496cb0538e"},
    {file = "pyrefly-0.24.2-py3-none-manylinux_2_17_aarch64.manylinux2014_aarch64.whl", hash = "sha256:3bf1689032b78f8f653244cd323ee1e06a0efb6192c4d7a415d1e85aedd37905"},
    {file = "pyrefly-0.24.2-py3-none-manylinux_2_17_i686.manylinux2014_i686.whl", hash = "sha256:8404b804a5a1bc4a54cc8e58bceacdf49d7221531843c068547241d8f476af24"},
    {file = "pyrefly-0.24.2-py3-none-manylinux_2_17_x86_64.manylinux2014_x86_64.whl", hash = "sha256:14d09f166a46e43655ea812611887ca16a0c54386296f4c9333f3f5fc7236709"},
    {file = "pyrefly-0.24.2-py3-none-win32.whl", hash = "sha256:6c602df48dcfa3240f9076c7d1e9cf9dc2d94c90ee5b4c6745f3734125a2cf3a"},
    {file = "pyrefly-0.24.2-py3-none-win_amd64.whl", hash = "sha256:9ed4690716eb47077082d4e99624e0a1165b9ac93300c8d823f42cae12ec1ef4"},
    {file = "pyrefly-0.24.2-py3-none-win_arm64.whl", hash = "sha256:96ba49c02f374d716b8674409aa653093dad5263cf4e429a1d5ec603064db715"},
    {file = "pyrefly-0.24.2.tar.gz", hash = "sha256:671b9933c2a3f646983de68bc0422736f7ce364c4f645f742559423b0b9b5150"},
]

[[package]]
name = "ty"
version = "0.0.1a15"
description = "An extremely fast Python type checker, written in Rust."
optional = false
python-versions = ">=3.8"
groups = ["dev"]
files = [
    {file = "ty-0.0.1a15-py3-none-linux_armv6l.whl", hash = "sha256:6110b5afee7ae1b0c8d00770eef4937ed0b700b823da04db04486bc661dc0f80"},
    {file = "ty-0.0.1a15-py3-none-macosx_10_12_x86_64.whl", hash = "sha256:855401e2fc1d4376f007ef7684dd9173e6a408adc2bc4610013f40c2a1d68d0f"},
    {file = "ty-0.0.1a15-py3-none-macosx_11_0_arm64.whl", hash = "sha256:a20b21ea9683d92d541de4a534b68b4b595c2d04bf77be0ebfe05c9768ef47e7"},
    {file = "ty-0.0.1a15-py3-none-manylinux_2_17_aarch64.manylinux2014_aarch64.whl", hash = "sha256:7648b0931177233e31d952723f068f2925696e464c436ed8bd820b775053474b"},
    {file = "ty-0.0.1a15-py3-none-manylinux_2_17_armv7l.manylinux2014_armv7l.whl", hash = "sha256:c9c6b70ae331585984b79a4574f28619d5ff755515b93b5454d04f5c521ca864"},
    {file = "ty-0.0.1a15-py3-none-manylinux_2_17_i686.manylinux2014_i686.whl", hash = "sha256:38cae5d28b2882e66f4786825e87d500cfbb806c30bbcac745f20e459cf92482"},
    {file = "ty-0.0.1a15-py3-none-manylinux_2_17_ppc64.manylinux2014_ppc64.whl", hash = "sha256:1a8de6d3185afbf7cc199932d7fc508887e7ddad95a15c930efc4b5445eae6de"},
    {file = "ty-0.0.1a15-py3-none-manylinux_2_17_ppc64le.manylinux2014_ppc64le.whl", hash = "sha256:d5a38db0c2ceb2f0c20241ef6a1a5b0996dad45532bb50661faf46f28b64b9f0"},
    {file = "ty-0.0.1a15-py3-none-manylinux_2_17_s390x.manylinux2014_s390x.whl", hash = "sha256:0045fe7905813296fa821dad4aaabbe0f011ce34915fdfabf651db5b5f7b9d72"},
    {file = "ty-0.0.1a15-py3-none-manylinux_2_17_x86_64.manylinux2014_x86_64.whl", hash = "sha256:32deff2b8b05e8a8b8bf0f48ca1eef72ec299b9cc546ef9aba7185a033de28b1"},
    {file = "ty-0.0.1a15-py3-none-musllinux_1_2_aarch64.whl", hash = "sha256:60c330a9f37b260ebdf7d3e7e05ec483fab15116f11317ffd76b0e09598038b0"},
    {file = "ty-0.0.1a15-py3-none-musllinux_1_2_armv7l.whl", hash = "sha256:745355c15574d50229c3644e47bad1192e261faaf3a11870641b4902a8d9d8fe"},
    {file = "ty-0.0.1a15-py3-none-musllinux_1_2_i686.whl", hash = "sha256:07d53cb7c9c322be41dc79c373024422f6c6cd9e96f658e4b1b3289fe6130274"},
    {file = "ty-0.0.1a15-py3-none-musllinux_1_2_x86_64.whl", hash = "sha256:26b28ed6e6ea80766fdd2608ea6e4daeb211e8de2b4b88376f574667bb90f489"},
    {file = "ty-0.0.1a15-py3-none-win32.whl", hash = "sha256:42f8d40aa30ef0c2187b70528151e740b74db47eb84a568fbc636c7294a1046e"},
    {file = "ty-0.0.1a15-py3-none-win_amd64.whl", hash = "sha256:2563111b072ea132443629a5fe0ec0cefed94c610cc694fc1bd2f48e179ca966"},
    {file = "ty-0.0.1a15-py3-none-win_arm64.whl", hash = "sha256:9ea13096dda97437284b61915da92384d283cd096dbe730a3f63ee644721d2d5"},
    {file = "ty-0.0.1a15.tar.gz", hash = "sha256:b601eb50e981bd3fb857eb17b473cad3728dab67f53370b6790dfc342797eb20"},
]

[metadata]
lock-version = "2.1"
python-versions = ">=3.8"
content-hash = "f3d8f77270f37e9f93794d538bd73460945b1f81ecb59a4f392d21783613f7d6"
